
Microsoft Visual Studio Solution File, Format Version 12.00
# Visual Studio Version 17
VisualStudioVersion = 17.6.33829.357
MinimumVisualStudioVersion = 10.0.40219.1
Project("{FAE04EC0-301F-11D3-BF4B-00C04F79EFBC}") = "CorporatePractice1", "CorporatePractice1.csproj", "{CFB0112A-B6FC-4445-B685-DDA3CF43F24D}"
EndProject
Global
	GlobalSection(SolutionConfigurationPlatforms) = preSolution
		Debug|Any CPU = Debug|Any CPU
		Release|Any CPU = Release|Any CPU
	EndGlobalSection
	GlobalSection(ProjectConfigurationPlatforms) = postSolution
		{CFB0112A-B6FC-4445-B685-DDA3CF43F24D}.Debug|Any CPU.ActiveCfg = Debug|Any CPU
		{CFB0112A-B6FC-4445-B685-DDA3CF43F24D}.Debug|Any CPU.Build.0 = Debug|Any CPU
		{CFB0112A-B6FC-4445-B685-DDA3CF43F24D}.Release|Any CPU.ActiveCfg = Release|Any CPU
		{CFB0112A-B6FC-4445-B685-DDA3CF43F24D}.Release|Any CPU.Build.0 = Release|Any CPU
	EndGlobalSection
	GlobalSection(SolutionProperties) = preSolution
		HideSolutionNode = FALSE
	EndGlobalSection
	GlobalSection(ExtensibilityGlobals) = postSolution
		SolutionGuid = {EE12B2A5-C4C9-441C-A1CF-8377A1EE81D5}
	EndGlobalSection
EndGlobal
